
Microsoft Visual Studio Solution File, Format Version 12.00
# Visual Studio Version 17
VisualStudioVersion = 17.5.002.0
MinimumVisualStudioVersion = 10.0.40219.1
Project("{9A19103F-16F7-4668-BE54-9A1E7A4F7556}") = "EditorOfficeWasm2", "EditorOfficeWasm2.csproj", "{94BA2F43-B7A2-4F7B-A9B3-4CB73AD36D45}"
EndProject
Global
	GlobalSection(SolutionConfigurationPlatforms) = preSolution
		Debug|Any CPU = Debug|Any CPU
		Release|Any CPU = Release|Any CPU
	EndGlobalSection
	GlobalSection(ProjectConfigurationPlatforms) = postSolution
		{94BA2F43-B7A2-4F7B-A9B3-4CB73AD36D45}.Debug|Any CPU.ActiveCfg = Debug|Any CPU
		{94BA2F43-B7A2-4F7B-A9B3-4CB73AD36D45}.Debug|Any CPU.Build.0 = Debug|Any CPU
		{94BA2F43-B7A2-4F7B-A9B3-4CB73AD36D45}.Release|Any CPU.ActiveCfg = Release|Any CPU
		{94BA2F43-B7A2-4F7B-A9B3-4CB73AD36D45}.Release|Any CPU.Build.0 = Release|Any CPU
	EndGlobalSection
	GlobalSection(SolutionProperties) = preSolution
		HideSolutionNode = FALSE
	EndGlobalSection
	GlobalSection(ExtensibilityGlobals) = postSolution
		SolutionGuid = {4FE9FDD8-3464-4B7E-86AF-356A857D39D6}
	EndGlobalSection
EndGlobal
